// !$*UTF8*$!
{
	archiveVersion = 1;
	classes = {
	};
	objectVersion = 55;
	objects = {

/* Begin PBXBuildFile section */
		CEDE179E2799C29B009175E0 /* RemindersApp.swift in Sources */ = {isa = PBXBuildFile; fileRef = CEDE178E2799C297009175E0 /* RemindersApp.swift */; };
		CEDE179F2799C29B009175E0 /* RemindersApp.swift in Sources */ = {isa = PBXBuildFile; fileRef = CEDE178E2799C297009175E0 /* RemindersApp.swift */; };
		CEDE17A02799C29B009175E0 /* ContentView.swift in Sources */ = {isa = PBXBuildFile; fileRef = CEDE178F2799C297009175E0 /* ContentView.swift */; };
		CEDE17A12799C29B009175E0 /* ContentView.swift in Sources */ = {isa = PBXBuildFile; fileRef = CEDE178F2799C297009175E0 /* ContentView.swift */; };
		CEDE17A22799C29B009175E0 /* Assets.xcassets in Resources */ = {isa = PBXBuildFile; fileRef = CEDE17902799C29B009175E0 /* Assets.xcassets */; };
		CEDE17A32799C29B009175E0 /* Assets.xcassets in Resources */ = {isa = PBXBuildFile; fileRef = CEDE17902799C29B009175E0 /* Assets.xcassets */; };
		CEDE17B02799C37E009175E0 /* Task.swift in Sources */ = {isa = PBXBuildFile; fileRef = CEDE17AF2799C37E009175E0 /* Task.swift */; };
		CEDE17B22799C3E9009175E0 /*  TaskPriority.swift in Sources */ = {isa = PBXBuildFile; fileRef = CEDE17B12799C3E9009175E0 /*  TaskPriority.swift */; };
		CEDE17B42799C453009175E0 /* TaskStore.swift in Sources */ = {isa = PBXBuildFile; fileRef = CEDE17B32799C453009175E0 /* TaskStore.swift */; };
		CEDE17B62799CDE4009175E0 /* TaskCell.swift in Sources */ = {isa = PBXBuildFile; fileRef = CEDE17B52799CDE4009175E0 /* TaskCell.swift */; };
		CEDE17B72799CDE4009175E0 /* TaskCell.swift in Sources */ = {isa = PBXBuildFile; fileRef = CEDE17B52799CDE4009175E0 /* TaskCell.swift */; };
/* End PBXBuildFile section */

/* Begin PBXFileReference section */
		CEDE178E2799C297009175E0 /* RemindersApp.swift */ = {isa = PBXFileReference; lastKnownFileType = sourcecode.swift; path = RemindersApp.swift; sourceTree = "<group>"; };
		CEDE178F2799C297009175E0 /* ContentView.swift */ = {isa = PBXFileReference; lastKnownFileType = sourcecode.swift; path = ContentView.swift; sourceTree = "<group>"; };
		CEDE17902799C29B009175E0 /* Assets.xcassets */ = {isa = PBXFileReference; lastKnownFileType = folder.assetcatalog; path = Assets.xcassets; sourceTree = "<group>"; };
		CEDE17952799C29B009175E0 /* Reminders.app */ = {isa = PBXFileReference; explicitFileType = wrapper.application; includeInIndex = 0; path = Reminders.app; sourceTree = BUILT_PRODUCTS_DIR; };
		CEDE179B2799C29B009175E0 /* Reminders.app */ = {isa = PBXFileReference; explicitFileType = wrapper.application; includeInIndex = 0; path = Reminders.app; sourceTree = BUILT_PRODUCTS_DIR; };
		CEDE179D2799C29B009175E0 /* macOS.entitlements */ = {isa = PBXFileReference; lastKnownFileType = text.plist.entitlements; path = macOS.entitlements; sourceTree = "<group>"; };
		CEDE17AF2799C37E009175E0 /* Task.swift */ = {isa = PBXFileReference; lastKnownFileType = sourcecode.swift; path = Task.swift; sourceTree = "<group>"; };
		CEDE17B12799C3E9009175E0 /*  TaskPriority.swift */ = {isa = PBXFileReference; lastKnownFileType = sourcecode.swift; path = " TaskPriority.swift"; sourceTree = "<group>"; };
		CEDE17B32799C453009175E0 /* TaskStore.swift */ = {isa = PBXFileReference; lastKnownFileType = sourcecode.swift; path = TaskStore.swift; sourceTree = "<group>"; };
		CEDE17B52799CDE4009175E0 /* TaskCell.swift */ = {isa = PBXFileReference; lastKnownFileType = sourcecode.swift; path = TaskCell.swift; sourceTree = "<group>"; };
/* End PBXFileReference section */

/* Begin PBXFrameworksBuildPhase section */
		CEDE17922799C29B009175E0 /* Frameworks */ = {
			isa = PBXFrameworksBuildPhase;
			buildActionMask = 2147483647;
			files = (
			);
			runOnlyForDeploymentPostprocessing = 0;
		};
		CEDE17982799C29B009175E0 /* Frameworks */ = {
			isa = PBXFrameworksBuildPhase;
			buildActionMask = 2147483647;
			files = (
			);
			runOnlyForDeploymentPostprocessing = 0;
		};
/* End PBXFrameworksBuildPhase section */

/* Begin PBXGroup section */
		CEDE17882799C297009175E0 = {
			isa = PBXGroup;
			children = (
				CEDE178D2799C297009175E0 /* Shared */,
				CEDE179C2799C29B009175E0 /* macOS */,
				CEDE17962799C29B009175E0 /* Products */,
			);
			sourceTree = "<group>";
		};
		CEDE178D2799C297009175E0 /* Shared */ = {
			isa = PBXGroup;
			children = (
				CEDE178E2799C297009175E0 /* RemindersApp.swift */,
				CEDE17AE2799C2D0009175E0 /* Model */,
				CEDE17AD2799C2C2009175E0 /* Views */,
				CEDE17902799C29B009175E0 /* Assets.xcassets */,
			);
			path = Shared;
			sourceTree = "<group>";
		};
		CEDE17962799C29B009175E0 /* Products */ = {
			isa = PBXGroup;
			children = (
				CEDE17952799C29B009175E0 /* Reminders.app */,
				CEDE179B2799C29B009175E0 /* Reminders.app */,
			);
			name = Products;
			sourceTree = "<group>";
		};
		CEDE179C2799C29B009175E0 /* macOS */ = {
			isa = PBXGroup;
			children = (
				CEDE179D2799C29B009175E0 /* macOS.entitlements */,
			);
			path = macOS;
			sourceTree = "<group>";
		};
		CEDE17AD2799C2C2009175E0 /* Views */ = {
			isa = PBXGroup;
			children = (
				CEDE178F2799C297009175E0 /* ContentView.swift */,
				CEDE17B52799CDE4009175E0 /* TaskCell.swift */,
			);
			path = Views;
			sourceTree = "<group>";
		};
		CEDE17AE2799C2D0009175E0 /* Model */ = {
			isa = PBXGroup;
			children = (
				CEDE17AF2799C37E009175E0 /* Task.swift */,
				CEDE17B12799C3E9009175E0 /*  TaskPriority.swift */,
				CEDE17B32799C453009175E0 /* TaskStore.swift */,
			);
			path = Model;
			sourceTree = "<group>";
		};
/* End PBXGroup section */

/* Begin PBXNativeTarget section */
		CEDE17942799C29B009175E0 /* Reminders (iOS) */ = {
			isa = PBXNativeTarget;
			buildConfigurationList = CEDE17A62799C29B009175E0 /* Build configuration list for PBXNativeTarget "Reminders (iOS)" */;
			buildPhases = (
				CEDE17912799C29B009175E0 /* Sources */,
				CEDE17922799C29B009175E0 /* Frameworks */,
				CEDE17932799C29B009175E0 /* Resources */,
			);
			buildRules = (
			);
			dependencies = (
			);
			name = "Reminders (iOS)";
			productName = "Reminders (iOS)";
			productReference = CEDE17952799C29B009175E0 /* Reminders.app */;
			productType = "com.apple.product-type.application";
		};
		CEDE179A2799C29B009175E0 /* Reminders (macOS) */ = {
			isa = PBXNativeTarget;
			buildConfigurationList = CEDE17A92799C29B009175E0 /* Build configuration list for PBXNativeTarget "Reminders (macOS)" */;
			buildPhases = (
				CEDE17972799C29B009175E0 /* Sources */,
				CEDE17982799C29B009175E0 /* Frameworks */,
				CEDE17992799C29B009175E0 /* Resources */,
			);
			buildRules = (
			);
			dependencies = (
			);
			name = "Reminders (macOS)";
			productName = "Reminders (macOS)";
			productReference = CEDE179B2799C29B009175E0 /* Reminders.app */;
			productType = "com.apple.product-type.application";
		};
/* End PBXNativeTarget section */

/* Begin PBXProject section */
		CEDE17892799C297009175E0 /* Project object */ = {
			isa = PBXProject;
			attributes = {
				BuildIndependentTargetsInParallel = 1;
				LastSwiftUpdateCheck = 1320;
				LastUpgradeCheck = 1320;
				TargetAttributes = {
					CEDE17942799C29B009175E0 = {
						CreatedOnToolsVersion = 13.2.1;
					};
					CEDE179A2799C29B009175E0 = {
						CreatedOnToolsVersion = 13.2.1;
					};
				};
			};
			buildConfigurationList = CEDE178C2799C297009175E0 /* Build configuration list for PBXProject "Reminders" */;
			compatibilityVersion = "Xcode 13.0";
			developmentRegion = en;
			hasScannedForEncodings = 0;
			knownRegions = (
				en,
				Base,
			);
			mainGroup = CEDE17882799C297009175E0;
			productRefGroup = CEDE17962799C29B009175E0 /* Products */;
			projectDirPath = "";
			projectRoot = "";
			targets = (
				CEDE17942799C29B009175E0 /* Reminders (iOS) */,
				CEDE179A2799C29B009175E0 /* Reminders (macOS) */,
			);
		};
/* End PBXProject section */

/* Begin PBXResourcesBuildPhase section */
		CEDE17932799C29B009175E0 /* Resources */ = {
			isa = PBXResourcesBuildPhase;
			buildActionMask = 2147483647;
			files = (
				CEDE17A22799C29B009175E0 /* Assets.xcassets in Resources */,
			);
			runOnlyForDeploymentPostprocessing = 0;
		};
		CEDE17992799C29B009175E0 /* Resources */ = {
			isa = PBXResourcesBuildPhase;
			buildActionMask = 2147483647;
			files = (
				CEDE17A32799C29B009175E0 /* Assets.xcassets in Resources */,
			);
			runOnlyForDeploymentPostprocessing = 0;
		};
/* End PBXResourcesBuildPhase section */

/* Begin PBXSourcesBuildPhase section */
		CEDE17912799C29B009175E0 /* Sources */ = {
			isa = PBXSourcesBuildPhase;
			buildActionMask = 2147483647;
			files = (
				CEDE17B42799C453009175E0 /* TaskStore.swift in Sources */,
				CEDE17A02799C29B009175E0 /* ContentView.swift in Sources */,
				CEDE17B02799C37E009175E0 /* Task.swift in Sources */,
				CEDE179E2799C29B009175E0 /* RemindersApp.swift in Sources */,
				CEDE17B62799CDE4009175E0 /* TaskCell.swift in Sources */,
				CEDE17B22799C3E9009175E0 /*  TaskPriority.swift in Sources */,
			);
			runOnlyForDeploymentPostprocessing = 0;
		};
		CEDE17972799C29B009175E0 /* Sources */ = {
			isa = PBXSourcesBuildPhase;
			buildActionMask = 2147483647;
			files = (
				CEDE17A12799C29B009175E0 /* ContentView.swift in Sources */,
				CEDE17B72799CDE4009175E0 /* TaskCell.swift in Sources */,
				CEDE179F2799C29B009175E0 /* RemindersApp.swift in Sources */,
			);
			runOnlyForDeploymentPostprocessing = 0;
		};
/* End PBXSourcesBuildPhase section */

/* Begin XCBuildConfiguration section */
		CEDE17A42799C29B009175E0 /* Debug */ = {
			isa = XCBuildConfiguration;
			buildSettings = {
				ALWAYS_SEARCH_USER_PATHS = NO;
				CLANG_ANALYZER_NONNULL = YES;
				CLANG_ANALYZER_NUMBER_OBJECT_CONVERSION = YES_AGGRESSIVE;
				CLANG_CXX_LANGUAGE_STANDARD = "gnu++17";
				CLANG_CXX_LIBRARY = "libc++";
				CLANG_ENABLE_MODULES = YES;
				CLANG_ENABLE_OBJC_ARC = YES;
				CLANG_ENABLE_OBJC_WEAK = YES;
				CLANG_WARN_BLOCK_CAPTURE_AUTORELEASING = YES;
				CLANG_WARN_BOOL_CONVERSION = YES;
				CLANG_WARN_COMMA = YES;
				CLANG_WARN_CONSTANT_CONVERSION = YES;
				CLANG_WARN_DEPRECATED_OBJC_IMPLEMENTATIONS = YES;
				CLANG_WARN_DIRECT_OBJC_ISA_USAGE = YES_ERROR;
				CLANG_WARN_DOCUMENTATION_COMMENTS = YES;
				CLANG_WARN_EMPTY_BODY = YES;
				CLANG_WARN_ENUM_CONVERSION = YES;
				CLANG_WARN_INFINITE_RECURSION = YES;
				CLANG_WARN_INT_CONVERSION = YES;
				CLANG_WARN_NON_LITERAL_NULL_CONVERSION = YES;
				CLANG_WARN_OBJC_IMPLICIT_RETAIN_SELF = YES;
				CLANG_WARN_OBJC_LITERAL_CONVERSION = YES;
				CLANG_WARN_OBJC_ROOT_CLASS = YES_ERROR;
				CLANG_WARN_QUOTED_INCLUDE_IN_FRAMEWORK_HEADER = YES;
				CLANG_WARN_RANGE_LOOP_ANALYSIS = YES;
				CLANG_WARN_STRICT_PROTOTYPES = YES;
				CLANG_WARN_SUSPICIOUS_MOVE = YES;
				CLANG_WARN_UNGUARDED_AVAILABILITY = YES_AGGRESSIVE;
				CLANG_WARN_UNREACHABLE_CODE = YES;
				CLANG_WARN__DUPLICATE_METHOD_MATCH = YES;
				COPY_PHASE_STRIP = NO;
				DEBUG_INFORMATION_FORMAT = dwarf;
				ENABLE_STRICT_OBJC_MSGSEND = YES;
				ENABLE_TESTABILITY = YES;
				GCC_C_LANGUAGE_STANDARD = gnu11;
				GCC_DYNAMIC_NO_PIC = NO;
				GCC_NO_COMMON_BLOCKS = YES;
				GCC_OPTIMIZATION_LEVEL = 0;
				GCC_PREPROCESSOR_DEFINITIONS = (
					"DEBUG=1",
					"$(inherited)",
				);
				GCC_WARN_64_TO_32_BIT_CONVERSION = YES;
				GCC_WARN_ABOUT_RETURN_TYPE = YES_ERROR;
				GCC_WARN_UNDECLARED_SELECTOR = YES;
				GCC_WARN_UNINITIALIZED_AUTOS = YES_AGGRESSIVE;
				GCC_WARN_UNUSED_FUNCTION = YES;
				GCC_WARN_UNUSED_VARIABLE = YES;
				MTL_ENABLE_DEBUG_INFO = INCLUDE_SOURCE;
				MTL_FAST_MATH = YES;
				ONLY_ACTIVE_ARCH = YES;
				SWIFT_ACTIVE_COMPILATION_CONDITIONS = DEBUG;
				SWIFT_OPTIMIZATION_LEVEL = "-Onone";
			};
			name = Debug;
		};
		CEDE17A52799C29B009175E0 /* Release */ = {
			isa = XCBuildConfiguration;
			buildSettings = {
				ALWAYS_SEARCH_USER_PATHS = NO;
				CLANG_ANALYZER_NONNULL = YES;
				CLANG_ANALYZER_NUMBER_OBJECT_CONVERSION = YES_AGGRESSIVE;
				CLANG_CXX_LANGUAGE_STANDARD = "gnu++17";
				CLANG_CXX_LIBRARY = "libc++";
				CLANG_ENABLE_MODULES = YES;
				CLANG_ENABLE_OBJC_ARC = YES;
				CLANG_ENABLE_OBJC_WEAK = YES;
				CLANG_WARN_BLOCK_CAPTURE_AUTORELEASING = YES;
				CLANG_WARN_BOOL_CONVERSION = YES;
				CLANG_WARN_COMMA = YES;
				CLANG_WARN_CONSTANT_CONVERSION = YES;
				CLANG_WARN_DEPRECATED_OBJC_IMPLEMENTATIONS = YES;
				CLANG_WARN_DIRECT_OBJC_ISA_USAGE = YES_ERROR;
				CLANG_WARN_DOCUMENTATION_COMMENTS = YES;
				CLANG_WARN_EMPTY_BODY = YES;
				CLANG_WARN_ENUM_CONVERSION = YES;
				CLANG_WARN_INFINITE_RECURSION = YES;
				CLANG_WARN_INT_CONVERSION = YES;
				CLANG_WARN_NON_LITERAL_NULL_CONVERSION = YES;
				CLANG_WARN_OBJC_IMPLICIT_RETAIN_SELF = YES;
				CLANG_WARN_OBJC_LITERAL_CONVERSION = YES;
				CLANG_WARN_OBJC_ROOT_CLASS = YES_ERROR;
				CLANG_WARN_QUOTED_INCLUDE_IN_FRAMEWORK_HEADER = YES;
				CLANG_WARN_RANGE_LOOP_ANALYSIS = YES;
				CLANG_WARN_STRICT_PROTOTYPES = YES;
				CLANG_WARN_SUSPICIOUS_MOVE = YES;
				CLANG_WARN_UNGUARDED_AVAILABILITY = YES_AGGRESSIVE;
				CLANG_WARN_UNREACHABLE_CODE = YES;
				CLANG_WARN__DUPLICATE_METHOD_MATCH = YES;
				COPY_PHASE_STRIP = NO;
				DEBUG_INFORMATION_FORMAT = "dwarf-with-dsym";
				ENABLE_NS_ASSERTIONS = NO;
				ENABLE_STRICT_OBJC_MSGSEND = YES;
				GCC_C_LANGUAGE_STANDARD = gnu11;
				GCC_NO_COMMON_BLOCKS = YES;
				GCC_WARN_64_TO_32_BIT_CONVERSION = YES;
				GCC_WARN_ABOUT_RETURN_TYPE = YES_ERROR;
				GCC_WARN_UNDECLARED_SELECTOR = YES;
				GCC_WARN_UNINITIALIZED_AUTOS = YES_AGGRESSIVE;
				GCC_WARN_UNUSED_FUNCTION = YES;
				GCC_WARN_UNUSED_VARIABLE = YES;
				MTL_ENABLE_DEBUG_INFO = NO;
				MTL_FAST_MATH = YES;
				SWIFT_COMPILATION_MODE = wholemodule;
				SWIFT_OPTIMIZATION_LEVEL = "-O";
			};
			name = Release;
		};
		CEDE17A72799C29B009175E0 /* Debug */ = {
			isa = XCBuildConfiguration;
			buildSettings = {
				ASSETCATALOG_COMPILER_APPICON_NAME = AppIcon;
				ASSETCATALOG_COMPILER_GLOBAL_ACCENT_COLOR_NAME = AccentColor;
				CODE_SIGN_STYLE = Automatic;
				CURRENT_PROJECT_VERSION = 1;
				DEVELOPMENT_TEAM = T5P6TDLT2T;
				ENABLE_PREVIEWS = YES;
				GENERATE_INFOPLIST_FILE = YES;
				INFOPLIST_KEY_UIApplicationSceneManifest_Generation = YES;
				INFOPLIST_KEY_UIApplicationSupportsIndirectInputEvents = YES;
				INFOPLIST_KEY_UILaunchScreen_Generation = YES;
				INFOPLIST_KEY_UISupportedInterfaceOrientations_iPad = "UIInterfaceOrientationPortrait UIInterfaceOrientationPortraitUpsideDown UIInterfaceOrientationLandscapeLeft UIInterfaceOrientationLandscapeRight";
				INFOPLIST_KEY_UISupportedInterfaceOrientations_iPhone = "UIInterfaceOrientationPortrait UIInterfaceOrientationLandscapeLeft UIInterfaceOrientationLandscapeRight";
				IPHONEOS_DEPLOYMENT_TARGET = 15.2;
				LD_RUNPATH_SEARCH_PATHS = (
					"$(inherited)",
					"@executable_path/Frameworks",
				);
				MARKETING_VERSION = 1.0;
				PRODUCT_BUNDLE_IDENTIFIER = ca.angusmcaloon.Reminders;
				PRODUCT_NAME = Reminders;
				SDKROOT = iphoneos;
				SWIFT_EMIT_LOC_STRINGS = YES;
				SWIFT_VERSION = 5.0;
				TARGETED_DEVICE_FAMILY = "1,2";
			};
			name = Debug;
		};
		CEDE17A82799C29B009175E0 /* Release */ = {
			isa = XCBuildConfiguration;
			buildSettings = {
				ASSETCATALOG_COMPILER_APPICON_NAME = AppIcon;
				ASSETCATALOG_COMPILER_GLOBAL_ACCENT_COLOR_NAME = AccentColor;
				CODE_SIGN_STYLE = Automatic;
				CURRENT_PROJECT_VERSION = 1;
				DEVELOPMENT_TEAM = T5P6TDLT2T;
				ENABLE_PREVIEWS = YES;
				GENERATE_INFOPLIST_FILE = YES;
				INFOPLIST_KEY_UIApplicationSceneManifest_Generation = YES;
				INFOPLIST_KEY_UIApplicationSupportsIndirectInputEvents = YES;
				INFOPLIST_KEY_UILaunchScreen_Generation = YES;
				INFOPLIST_KEY_UISupportedInterfaceOrientations_iPad = "UIInterfaceOrientationPortrait UIInterfaceOrientationPortraitUpsideDown UIInterfaceOrientationLandscapeLeft UIInterfaceOrientationLandscapeRight";
				INFOPLIST_KEY_UISupportedInterfaceOrientations_iPhone = "UIInterfaceOrientationPortrait UIInterfaceOrientationLandscapeLeft UIInterfaceOrientationLandscapeRight";
				IPHONEOS_DEPLOYMENT_TARGET = 15.2;
				LD_RUNPATH_SEARCH_PATHS = (
					"$(inherited)",
					"@executable_path/Frameworks",
				);
				MARKETING_VERSION = 1.0;
				PRODUCT_BUNDLE_IDENTIFIER = ca.angusmcaloon.Reminders;
				PRODUCT_NAME = Reminders;
				SDKROOT = iphoneos;
				SWIFT_EMIT_LOC_STRINGS = YES;
				SWIFT_VERSION = 5.0;
				TARGETED_DEVICE_FAMILY = "1,2";
				VALIDATE_PRODUCT = YES;
			};
			name = Release;
		};
		CEDE17AA2799C29B009175E0 /* Debug */ = {
			isa = XCBuildConfiguration;
			buildSettings = {
				ASSETCATALOG_COMPILER_APPICON_NAME = AppIcon;
				ASSETCATALOG_COMPILER_GLOBAL_ACCENT_COLOR_NAME = AccentColor;
				CODE_SIGN_ENTITLEMENTS = macOS/macOS.entitlements;
				CODE_SIGN_STYLE = Automatic;
				COMBINE_HIDPI_IMAGES = YES;
				CURRENT_PROJECT_VERSION = 1;
				DEVELOPMENT_TEAM = T5P6TDLT2T;
				ENABLE_HARDENED_RUNTIME = YES;
				ENABLE_PREVIEWS = YES;
				GENERATE_INFOPLIST_FILE = YES;
				INFOPLIST_KEY_NSHumanReadableCopyright = "";
				LD_RUNPATH_SEARCH_PATHS = (
					"$(inherited)",
					"@executable_path/../Frameworks",
				);
				MACOSX_DEPLOYMENT_TARGET = 11.3;
				MARKETING_VERSION = 1.0;
				PRODUCT_BUNDLE_IDENTIFIER = ca.angusmcaloon.Reminders;
				PRODUCT_NAME = Reminders;
				SDKROOT = macosx;
				SWIFT_EMIT_LOC_STRINGS = YES;
				SWIFT_VERSION = 5.0;
			};
			name = Debug;
		};
		CEDE17AB2799C29B009175E0 /* Release */ = {
			isa = XCBuildConfiguration;
			buildSettings = {
				ASSETCATALOG_COMPILER_APPICON_NAME = AppIcon;
				ASSETCATALOG_COMPILER_GLOBAL_ACCENT_COLOR_NAME = AccentColor;
				CODE_SIGN_ENTITLEMENTS = macOS/macOS.entitlements;
				CODE_SIGN_STYLE = Automatic;
				COMBINE_HIDPI_IMAGES = YES;
				CURRENT_PROJECT_VERSION = 1;
				DEVELOPMENT_TEAM = T5P6TDLT2T;
				ENABLE_HARDENED_RUNTIME = YES;
				ENABLE_PREVIEWS = YES;
				GENERATE_INFOPLIST_FILE = YES;
				INFOPLIST_KEY_NSHumanReadableCopyright = "";
				LD_RUNPATH_SEARCH_PATHS = (
					"$(inherited)",
					"@executable_path/../Frameworks",
				);
				MACOSX_DEPLOYMENT_TARGET = 11.3;
				MARKETING_VERSION = 1.0;
				PRODUCT_BUNDLE_IDENTIFIER = ca.angusmcaloon.Reminders;
				PRODUCT_NAME = Reminders;
				SDKROOT = macosx;
				SWIFT_EMIT_LOC_STRINGS = YES;
				SWIFT_VERSION = 5.0;
			};
			name = Release;
		};
/* End XCBuildConfiguration section */

/* Begin XCConfigurationList section */
		CEDE178C2799C297009175E0 /* Build configuration list for PBXProject "Reminders" */ = {
			isa = XCConfigurationList;
			buildConfigurations = (
				CEDE17A42799C29B009175E0 /* Debug */,
				CEDE17A52799C29B009175E0 /* Release */,
			);
			defaultConfigurationIsVisible = 0;
			defaultConfigurationName = Release;
		};
		CEDE17A62799C29B009175E0 /* Build configuration list for PBXNativeTarget "Reminders (iOS)" */ = {
			isa = XCConfigurationList;
			buildConfigurations = (
				CEDE17A72799C29B009175E0 /* Debug */,
				CEDE17A82799C29B009175E0 /* Release */,
			);
			defaultConfigurationIsVisible = 0;
			defaultConfigurationName = Release;
		};
		CEDE17A92799C29B009175E0 /* Build configuration list for PBXNativeTarget "Reminders (macOS)" */ = {
			isa = XCConfigurationList;
			buildConfigurations = (
				CEDE17AA2799C29B009175E0 /* Debug */,
				CEDE17AB2799C29B009175E0 /* Release */,
			);
			defaultConfigurationIsVisible = 0;
			defaultConfigurationName = Release;
		};
/* End XCConfigurationList section */
	};
	rootObject = CEDE17892799C297009175E0 /* Project object */;
}
